
Microsoft Visual Studio Solution File, Format Version 12.00
# Visual Studio Version 17
VisualStudioVersion = 17.10.35201.131
MinimumVisualStudioVersion = 10.0.40219.1
Project("{FAE04EC0-301F-11D3-BF4B-00C04F79EFBC}") = "TestClaudeAI", "TestClaudeAI\TestClaudeAI.csproj", "{70799E2E-EBD2-466D-AC83-86CDC3AFC20E}"
EndProject
Global
	GlobalSection(SolutionConfigurationPlatforms) = preSolution
		Debug|Any CPU = Debug|Any CPU
		Release|Any CPU = Release|Any CPU
	EndGlobalSection
	GlobalSection(ProjectConfigurationPlatforms) = postSolution
		{70799E2E-EBD2-466D-AC83-86CDC3AFC20E}.Debug|Any CPU.ActiveCfg = Debug|Any CPU
		{70799E2E-EBD2-466D-AC83-86CDC3AFC20E}.Debug|Any CPU.Build.0 = Debug|Any CPU
		{70799E2E-EBD2-466D-AC83-86CDC3AFC20E}.Release|Any CPU.ActiveCfg = Release|Any CPU
		{70799E2E-EBD2-466D-AC83-86CDC3AFC20E}.Release|Any CPU.Build.0 = Release|Any CPU
	EndGlobalSection
	GlobalSection(SolutionProperties) = preSolution
		HideSolutionNode = FALSE
	EndGlobalSection
	GlobalSection(ExtensibilityGlobals) = postSolution
		SolutionGuid = {D10811FA-D4C2-458F-907D-96D58315E5F9}
	EndGlobalSection
EndGlobal
